
Microsoft Visual Studio Solution File, Format Version 12.00
# Visual Studio Version 16
VisualStudioVersion = 16.0.31424.327
MinimumVisualStudioVersion = 10.0.40219.1
Project("{FAE04EC0-301F-11D3-BF4B-00C04F79EFBC}") = "RatersOfTheLostBusiness", "RatersOfTheLostBusiness\RatersOfTheLostBusiness.csproj", "{7D85C5A6-FC27-412A-BEC1-BAE1064CA964}"
EndProject
Global
	GlobalSection(SolutionConfigurationPlatforms) = preSolution
		Debug|Any CPU = Debug|Any CPU
		Release|Any CPU = Release|Any CPU
	EndGlobalSection
	GlobalSection(ProjectConfigurationPlatforms) = postSolution
		{7D85C5A6-FC27-412A-BEC1-BAE1064CA964}.Debug|Any CPU.ActiveCfg = Debug|Any CPU
		{7D85C5A6-FC27-412A-BEC1-BAE1064CA964}.Debug|Any CPU.Build.0 = Debug|Any CPU
		{7D85C5A6-FC27-412A-BEC1-BAE1064CA964}.Release|Any CPU.ActiveCfg = Release|Any CPU
		{7D85C5A6-FC27-412A-BEC1-BAE1064CA964}.Release|Any CPU.Build.0 = Release|Any CPU
	EndGlobalSection
	GlobalSection(SolutionProperties) = preSolution
		HideSolutionNode = FALSE
	EndGlobalSection
	GlobalSection(ExtensibilityGlobals) = postSolution
		SolutionGuid = {0BA3B67B-6E61-4793-8431-7D7428874C27}
	EndGlobalSection
EndGlobal
